
Microsoft Visual Studio Solution File, Format Version 12.00
# Visual Studio Version 17
VisualStudioVersion = 17.12.35707.178 d17.12
MinimumVisualStudioVersion = 10.0.40219.1
Project("{FAE04EC0-301F-11D3-BF4B-00C04F79EFBC}") = "ToDoApp", "ToDoApp\ToDoApp.csproj", "{0EF6F9BC-2754-47B0-903E-BB5BF105AD7A}"
EndProject
Global
	GlobalSection(SolutionConfigurationPlatforms) = preSolution
		Debug|Any CPU = Debug|Any CPU
		Release|Any CPU = Release|Any CPU
	EndGlobalSection
	GlobalSection(ProjectConfigurationPlatforms) = postSolution
		{0EF6F9BC-2754-47B0-903E-BB5BF105AD7A}.Debug|Any CPU.ActiveCfg = Debug|Any CPU
		{0EF6F9BC-2754-47B0-903E-BB5BF105AD7A}.Debug|Any CPU.Build.0 = Debug|Any CPU
		{0EF6F9BC-2754-47B0-903E-BB5BF105AD7A}.Release|Any CPU.ActiveCfg = Release|Any CPU
		{0EF6F9BC-2754-47B0-903E-BB5BF105AD7A}.Release|Any CPU.Build.0 = Release|Any CPU
	EndGlobalSection
	GlobalSection(SolutionProperties) = preSolution
		HideSolutionNode = FALSE
	EndGlobalSection
EndGlobal
